<?xml version="1.0" encoding="utf-8"?>
<Project ToolsVersion="4.0" xmlns="http://schemas.microsoft.com/developer/msbuild/2003">
  <ItemGroup>
    <Filter Include="Source Files">
      <UniqueIdentifier>{4FC737F1-C7A5-4376-A066-2A32D752A2FF}</UniqueIdentifier>
      <Extensions>cpp;c;cc;cxx;def;odl;idl;hpj;bat;asm;asmx</Extensions>
    </Filter>
    <Filter Include="Header Files">
      <UniqueIdentifier>{93995380-89BD-4b04-88EB-625FBE52EBFB}</UniqueIdentifier>
      <Extensions>h;hh;hpp;hxx;hm;inl;inc;xsd</Extensions>
    </Filter>
    <Filter Include="Resource Files">
      <UniqueIdentifier>{67DA6AB6-F800-4c08-8B7A-83BB121AAD01}</UniqueIdentifier>
      <Extensions>rc;ico;cur;bmp;dlg;rc2;rct;bin;rgs;gif;jpg;jpeg;jpe;resx;tiff;tif;png;wav;mfcribbon-ms</Extensions>
    </Filter>
    <Filter Include="KEY">
      <UniqueIdentifier>{31e8d327-5b21-416a-8f36-87969e933ee2}</UniqueIdentifier>
    </Filter>
    <Filter Include="SpriteAndAni">
      <UniqueIdentifier>{b23b9a7b-8dd7-4115-bc30-abb66072068d}</UniqueIdentifier>
    </Filter>
    <Filter Include="Object">
      <UniqueIdentifier>{39049eea-366a-4a12-873d-85d60091d1be}</UniqueIdentifier>
    </Filter>
    <Filter Include="Object\Player">
      <UniqueIdentifier>{41b22d43-c0cc-4e2a-809f-cd96eeffc8e4}</UniqueIdentifier>
    </Filter>
    <Filter Include="Object\BaseObject">
      <UniqueIdentifier>{e38531ce-211a-4b08-a70a-efd629848051}</UniqueIdentifier>
    </Filter>
    <Filter Include="Object\Enemy">
      <UniqueIdentifier>{eae721ba-4534-42b8-904b-09fc0aa2d292}</UniqueIdentifier>
    </Filter>
    <Filter Include="Camera">
      <UniqueIdentifier>{e82e26cc-09d7-4b1e-a062-91f7268e8cff}</UniqueIdentifier>
    </Filter>
    <Filter Include="Map">
      <UniqueIdentifier>{3144aa57-591a-4c0c-870b-1e3911bc9f93}</UniqueIdentifier>
    </Filter>
    <Filter Include="Object\Misc">
      <UniqueIdentifier>{b4d61ab1-069b-4431-a82e-225ce319be02}</UniqueIdentifier>
    </Filter>
    <Filter Include="Object\Item">
      <UniqueIdentifier>{53e831d0-582d-48df-9597-8543483487e5}</UniqueIdentifier>
    </Filter>
    <Filter Include="Object\Gate">
      <UniqueIdentifier>{21c933b9-4445-48c7-bd31-a5a0ae56c35b}</UniqueIdentifier>
    </Filter>
    <Filter Include="Object\Weapon">
      <UniqueIdentifier>{38a81ab7-fae4-4d50-b457-e71fae66a7ca}</UniqueIdentifier>
    </Filter>
    <Filter Include="GameTime">
      <UniqueIdentifier>{e330deca-cced-4a47-b9e9-20240002b1d4}</UniqueIdentifier>
    </Filter>
    <Filter Include="Object\Stair">
      <UniqueIdentifier>{efe0770c-6427-4870-8a6d-3b293db65048}</UniqueIdentifier>
    </Filter>
    <Filter Include="Object\ScoreBar">
      <UniqueIdentifier>{fec8d67a-15a8-4296-a8d7-83c8dd79f03f}</UniqueIdentifier>
    </Filter>
    <Filter Include="GridGame">
      <UniqueIdentifier>{b1bfed4f-51a3-474b-90dd-aaf6f22e0179}</UniqueIdentifier>
    </Filter>
  </ItemGroup>
  <ItemGroup>
    <ClCompile Include="Brick.cpp">
      <Filter>Source Files</Filter>
    </ClCompile>
    <ClCompile Include="main.cpp">
      <Filter>Source Files</Filter>
    </ClCompile>
    <ClCompile Include="Scence.cpp">
      <Filter>Source Files</Filter>
    </ClCompile>
    <ClCompile Include="PlayScence.cpp">
      <Filter>Source Files</Filter>
    </ClCompile>
    <ClCompile Include="Utils.cpp">
      <Filter>Source Files</Filter>
    </ClCompile>
    <ClCompile Include="Koopas.cpp">
      <Filter>Source Files</Filter>
    </ClCompile>
    <ClCompile Include="Animations.cpp">
      <Filter>SpriteAndAni</Filter>
    </ClCompile>
    <ClCompile Include="Sprites.cpp">
      <Filter>SpriteAndAni</Filter>
    </ClCompile>
    <ClCompile Include="Textures.cpp">
      <Filter>SpriteAndAni</Filter>
    </ClCompile>
    <ClCompile Include="GameObject.cpp">
      <Filter>Object\BaseObject</Filter>
    </ClCompile>
    <ClCompile Include="Goomba.cpp">
      <Filter>Object\Enemy</Filter>
    </ClCompile>
    <ClCompile Include="Camera.cpp">
      <Filter>Camera</Filter>
    </ClCompile>
    <ClCompile Include="Simon.cpp">
      <Filter>Object\Player</Filter>
    </ClCompile>
    <ClCompile Include="Rect.cpp">
      <Filter>Camera</Filter>
    </ClCompile>
    <ClCompile Include="MovableRect.cpp">
      <Filter>Camera</Filter>
    </ClCompile>
    <ClCompile Include="Game.cpp">
      <Filter>Source Files</Filter>
    </ClCompile>
    <ClCompile Include="Tilemap.cpp">
      <Filter>Map</Filter>
    </ClCompile>
    <ClCompile Include="Ground.cpp">
      <Filter>Object\Misc</Filter>
    </ClCompile>
    <ClCompile Include="Fire.cpp">
      <Filter>Object\Misc</Filter>
    </ClCompile>
    <ClCompile Include="Archery.cpp">
      <Filter>Object\Item</Filter>
    </ClCompile>
    <ClCompile Include="BigHeart.cpp">
      <Filter>Object\Item</Filter>
    </ClCompile>
    <ClCompile Include="Sword.cpp">
      <Filter>Object\Item</Filter>
    </ClCompile>
    <ClCompile Include="Item.cpp">
      <Filter>Object\Item</Filter>
    </ClCompile>
    <ClCompile Include="Weapon.cpp">
      <Filter>Object\Weapon</Filter>
    </ClCompile>
    <ClCompile Include="DelayTime.cpp">
      <Filter>GameTime</Filter>
    </ClCompile>
    <ClCompile Include="Item1000PTS.cpp">
      <Filter>Object\Item</Filter>
    </ClCompile>
    <ClCompile Include="SmallHeart.cpp">
      <Filter>Object\Item</Filter>
    </ClCompile>
    <ClCompile Include="Light.cpp">
      <Filter>Object\Misc</Filter>
    </ClCompile>
    <ClCompile Include="Enemy.cpp">
      <Filter>Object\Enemy</Filter>
    </ClCompile>
    <ClCompile Include="BlackNight.cpp">
      <Filter>Object\Enemy</Filter>
    </ClCompile>
    <ClCompile Include="Stair.cpp">
      <Filter>Object\Stair</Filter>
    </ClCompile>
    <ClCompile Include="Item700PTS.cpp">
      <Filter>Object\Item</Filter>
    </ClCompile>
    <ClCompile Include="Item400PTS.cpp">
      <Filter>Object\Item</Filter>
    </ClCompile>
    <ClCompile Include="HaiXanh.cpp">
      <Filter>Object\Item</Filter>
    </ClCompile>
    <ClCompile Include="Crown.cpp">
      <Filter>Object\Item</Filter>
    </ClCompile>
    <ClCompile Include="GoldPotion.cpp">
      <Filter>Object\Item</Filter>
    </ClCompile>
    <ClCompile Include="BoomeRang.cpp">
      <Filter>Object\Item</Filter>
    </ClCompile>
    <ClCompile Include="BluePotion.cpp">
      <Filter>Object\Item</Filter>
    </ClCompile>
    <ClCompile Include="Axe.cpp">
      <Filter>Object\Item</Filter>
    </ClCompile>
    <ClCompile Include="Fleaman.cpp">
      <Filter>Object\Enemy</Filter>
    </ClCompile>
    <ClCompile Include="Raven.cpp">
      <Filter>Object\Enemy</Filter>
    </ClCompile>
    <ClCompile Include="Zoombie.cpp">
      <Filter>Object\Enemy</Filter>
    </ClCompile>
    <ClCompile Include="Sketon.cpp">
      <Filter>Object\Enemy</Filter>
    </ClCompile>
    <ClCompile Include="BossBat.cpp">
      <Filter>Object\Enemy</Filter>
    </ClCompile>
    <ClCompile Include="Bat.cpp">
      <Filter>Object\Enemy</Filter>
    </ClCompile>
    <ClCompile Include="ScoreBar.cpp">
      <Filter>Object\ScoreBar</Filter>
    </ClCompile>
    <ClCompile Include="GameTime.cpp">
      <Filter>GameTime</Filter>
    </ClCompile>
    <ClCompile Include="Die-effect.cpp">
      <Filter>Object\Misc</Filter>
    </ClCompile>
    <ClCompile Include="GateStairChangeDirection.cpp">
      <Filter>Object\Gate</Filter>
    </ClCompile>
    <ClCompile Include="Gate.cpp">
      <Filter>Object\Gate</Filter>
    </ClCompile>
    <ClCompile Include="GateStair.cpp">
      <Filter>Object\Gate</Filter>
    </ClCompile>
    <ClCompile Include="GiaDo.cpp">
      <Filter>Object\Misc</Filter>
    </ClCompile>
    <ClCompile Include="Cell.cpp">
      <Filter>GridGame</Filter>
    </ClCompile>
    <ClCompile Include="Grid.cpp">
      <Filter>GridGame</Filter>
    </ClCompile>
    <ClCompile Include="ObjectBlack.cpp">
      <Filter>Object\Misc</Filter>
    </ClCompile>
    <ClCompile Include="SubWeaponAttack.cpp">
      <Filter>Object\Item</Filter>
    </ClCompile>
    <ClCompile Include="SubDaggerAttack.cpp">
      <Filter>Object\Item</Filter>
    </ClCompile>
    <ClCompile Include="SubBoomerangAttack.cpp">
      <Filter>Object\Item</Filter>
    </ClCompile>
    <ClCompile Include="WhiteBone.cpp">
      <Filter>Object\Item</Filter>
    </ClCompile>
    <ClCompile Include="SubAxeAttack.cpp">
      <Filter>Object\Item</Filter>
    </ClCompile>
    <ClCompile Include="Ghost.cpp">
      <Filter>Object\Enemy</Filter>
    </ClCompile>
    <ClCompile Include="SubFireBombAttack.cpp">
      <Filter>Object\Item</Filter>
    </ClCompile>
    <ClCompile Include="objectBlack-effect.cpp">
      <Filter>Object\Misc</Filter>
    </ClCompile>
    <ClCompile Include="StopWatch.cpp">
      <Filter>Object\Item</Filter>
    </ClCompile>
    <ClCompile Include="SubStopWatchAttack.cpp">
      <Filter>Object\Item</Filter>
    </ClCompile>
    <ClCompile Include="money-effect.cpp">
      <Filter>Object\Misc</Filter>
    </ClCompile>
    <ClCompile Include="explore-effect.cpp">
      <Filter>Object\Misc</Filter>
    </ClCompile>
    <ClCompile Include="RestoreBlood.cpp">
      <Filter>Object\Item</Filter>
    </ClCompile>
    <ClCompile Include="RestoreBloodL1.cpp">
      <Filter>Object\Item</Filter>
    </ClCompile>
  </ItemGroup>
  <ItemGroup>
    <ClInclude Include="Brick.h">
      <Filter>Header Files</Filter>
    </ClInclude>
    <ClInclude Include="Game.h">
      <Filter>Header Files</Filter>
    </ClInclude>
    <ClInclude Include="Scence.h">
      <Filter>Header Files</Filter>
    </ClInclude>
    <ClInclude Include="PlayScence.h">
      <Filter>Header Files</Filter>
    </ClInclude>
    <ClInclude Include="Utils.h">
      <Filter>Header Files</Filter>
    </ClInclude>
    <ClInclude Include="Koopas.h">
      <Filter>Header Files</Filter>
    </ClInclude>
    <ClInclude Include="KeyEventHandler.h">
      <Filter>KEY</Filter>
    </ClInclude>
    <ClInclude Include="Animations.h">
      <Filter>SpriteAndAni</Filter>
    </ClInclude>
    <ClInclude Include="Textures.h">
      <Filter>SpriteAndAni</Filter>
    </ClInclude>
    <ClInclude Include="Sprites.h">
      <Filter>SpriteAndAni</Filter>
    </ClInclude>
    <ClInclude Include="GameObject.h">
      <Filter>Object\BaseObject</Filter>
    </ClInclude>
    <ClInclude Include="Camera.h">
      <Filter>Camera</Filter>
    </ClInclude>
    <ClInclude Include="Simon.h">
      <Filter>Object\Player</Filter>
    </ClInclude>
    <ClInclude Include="Rect.h">
      <Filter>Camera</Filter>
    </ClInclude>
    <ClInclude Include="MovableRect.h">
      <Filter>Camera</Filter>
    </ClInclude>
    <ClInclude Include="CollitionType.h">
      <Filter>Header Files</Filter>
    </ClInclude>
    <ClInclude Include="Tilemap.h">
      <Filter>Map</Filter>
    </ClInclude>
    <ClInclude Include="Space.h">
      <Filter>Header Files</Filter>
    </ClInclude>
    <ClInclude Include="Gound.h">
      <Filter>Object\Misc</Filter>
    </ClInclude>
    <ClInclude Include="Fire.h">
      <Filter>Object\Misc</Filter>
    </ClInclude>
    <ClInclude Include="Goomba.h">
      <Filter>Object\Misc</Filter>
    </ClInclude>
    <ClInclude Include="Archery.h">
      <Filter>Object\Item</Filter>
    </ClInclude>
    <ClInclude Include="BigHeart.h">
      <Filter>Object\Item</Filter>
    </ClInclude>
    <ClInclude Include="Sword.h">
      <Filter>Object\Item</Filter>
    </ClInclude>
    <ClInclude Include="Item.h">
      <Filter>Object\Item</Filter>
    </ClInclude>
    <ClInclude Include="Weapon.h">
      <Filter>Object\Weapon</Filter>
    </ClInclude>
    <ClInclude Include="DelayTime.h">
      <Filter>GameTime</Filter>
    </ClInclude>
    <ClInclude Include="Item1000PTS.h">
      <Filter>Object\Item</Filter>
    </ClInclude>
    <ClInclude Include="SmallHeart.h">
      <Filter>Object\Item</Filter>
    </ClInclude>
    <ClInclude Include="Light.h">
      <Filter>Object\Misc</Filter>
    </ClInclude>
    <ClInclude Include="Enemy.h">
      <Filter>Object\Enemy</Filter>
    </ClInclude>
    <ClInclude Include="BlackNight.h">
      <Filter>Object\Enemy</Filter>
    </ClInclude>
    <ClInclude Include="Stair.h">
      <Filter>Object\Stair</Filter>
    </ClInclude>
    <ClInclude Include="Item700PTS.h">
      <Filter>Object\Item</Filter>
    </ClInclude>
    <ClInclude Include="Item400PTS.h">
      <Filter>Object\Item</Filter>
    </ClInclude>
    <ClInclude Include="Crown.h">
      <Filter>Object\Item</Filter>
    </ClInclude>
    <ClInclude Include="GoldPotion.h">
      <Filter>Object\Item</Filter>
    </ClInclude>
    <ClInclude Include="BoomeRang.h">
      <Filter>Object\Item</Filter>
    </ClInclude>
    <ClInclude Include="BluePotion.h">
      <Filter>Object\Item</Filter>
    </ClInclude>
    <ClInclude Include="Axe.h">
      <Filter>Object\Item</Filter>
    </ClInclude>
    <ClInclude Include="Fleaman.h">
      <Filter>Object\Enemy</Filter>
    </ClInclude>
    <ClInclude Include="Raven.h">
      <Filter>Object\Enemy</Filter>
    </ClInclude>
    <ClInclude Include="Zoombie.h">
      <Filter>Object\Enemy</Filter>
    </ClInclude>
    <ClInclude Include="Sketon.h">
      <Filter>Object\Enemy</Filter>
    </ClInclude>
    <ClInclude Include="BossBat.h">
      <Filter>Object\Enemy</Filter>
    </ClInclude>
    <ClInclude Include="Bat.h">
      <Filter>Object\Enemy</Filter>
    </ClInclude>
    <ClInclude Include="HaiXanh.h">
      <Filter>Object\Item</Filter>
    </ClInclude>
    <ClInclude Include="ScoreBar.h">
      <Filter>Object\ScoreBar</Filter>
    </ClInclude>
    <ClInclude Include="GameTime.h">
      <Filter>GameTime</Filter>
    </ClInclude>
    <ClInclude Include="Die-affect.h">
      <Filter>Object\Misc</Filter>
    </ClInclude>
    <ClInclude Include="GateStairChangeDirection.h">
      <Filter>Object\Gate</Filter>
    </ClInclude>
    <ClInclude Include="Gate.h">
      <Filter>Object\Gate</Filter>
    </ClInclude>
    <ClInclude Include="GateStair.h">
      <Filter>Object\Gate</Filter>
    </ClInclude>
    <ClInclude Include="GiaDo.h">
      <Filter>Object\Misc</Filter>
    </ClInclude>
    <ClInclude Include="Cell.h">
      <Filter>GridGame</Filter>
    </ClInclude>
    <ClInclude Include="Grid.h">
      <Filter>GridGame</Filter>
    </ClInclude>
    <ClInclude Include="ObjectBlack.h">
      <Filter>Object\Misc</Filter>
    </ClInclude>
    <ClInclude Include="SubWeaponAttack.h">
      <Filter>Object\Item</Filter>
    </ClInclude>
    <ClInclude Include="SubDaggerAttack.h">
      <Filter>Object\Item</Filter>
    </ClInclude>
    <ClInclude Include="SubBoomerangAttack.h">
      <Filter>Object\Item</Filter>
    </ClInclude>
    <ClInclude Include="WhiteBone.h">
      <Filter>Object\Item</Filter>
    </ClInclude>
    <ClInclude Include="SubAxeAttack.h">
      <Filter>Object\Item</Filter>
    </ClInclude>
    <ClInclude Include="IBoss.h">
      <Filter>Object\Enemy</Filter>
    </ClInclude>
    <ClInclude Include="Ghost.h">
      <Filter>Object\Enemy</Filter>
    </ClInclude>
    <ClInclude Include="SubFireBombAttack.h">
      <Filter>Object\Item</Filter>
    </ClInclude>
    <ClInclude Include="objectBlack-effect.h">
      <Filter>Object\Misc</Filter>
    </ClInclude>
    <ClInclude Include="StopWatch.h">
      <Filter>Object\Item</Filter>
    </ClInclude>
    <ClInclude Include="SubStopWatchAttack.h">
      <Filter>Object\Item</Filter>
    </ClInclude>
    <ClInclude Include="money-effect.h">
      <Filter>Object\Misc</Filter>
    </ClInclude>
    <ClInclude Include="explore-effect.h">
      <Filter>Object\Misc</Filter>
    </ClInclude>
    <ClInclude Include="RestoreBlood.h">
      <Filter>Object\Item</Filter>
    </ClInclude>
    <ClInclude Include="RestoreBloodL1.h">
      <Filter>Object\Item</Filter>
    </ClInclude>
  </ItemGroup>
</Project>